// !$*UTF8*$!
{
	archiveVersion = 1;
	classes = {
	};
	objectVersion = 56;
	objects = {

/* Begin PBXBuildFile section */
		25250269640AB3A8F7B0DFD6 /* Pods_Events.framework in Frameworks */ = {isa = PBXBuildFile; fileRef = ECBD36E0FF2A2242D4E9DDB2 /* Pods_Events.framework */; };
		390E624A2AFE8F6B2D947DCE /* Pods_EventsTests.framework in Frameworks */ = {isa = PBXBuildFile; fileRef = 22FA44275CBF90C1B52C9E10 /* Pods_EventsTests.framework */; };
		6E50A1DD2C6D53E1005E6316 /* events.xlsx in Resources */ = {isa = PBXBuildFile; fileRef = 6E50A1DC2C6D50C7005E6316 /* events.xlsx */; };
		6E65BF3C2C62CCA3001597DB /* Event.swift in Sources */ = {isa = PBXBuildFile; fileRef = 6E65BF3B2C62CCA3001597DB /* Event.swift */; };
		6E65BF3F2C62D064001597DB /* CardView.swift in Sources */ = {isa = PBXBuildFile; fileRef = 6E65BF3E2C62D064001597DB /* CardView.swift */; };
		6E65BF412C62D405001597DB /* DetailView.swift in Sources */ = {isa = PBXBuildFile; fileRef = 6E65BF402C62D405001597DB /* DetailView.swift */; };
		6E7E73442C65A9A10027BD16 /* PopupDialog.swift in Sources */ = {isa = PBXBuildFile; fileRef = 6E7E73432C65A9A10027BD16 /* PopupDialog.swift */; };
		6EB9A5F62C62C2A700833624 /* EventsApp.swift in Sources */ = {isa = PBXBuildFile; fileRef = 6EB9A5F52C62C2A700833624 /* EventsApp.swift */; };
		6EB9A5F82C62C2A700833624 /* ContentView.swift in Sources */ = {isa = PBXBuildFile; fileRef = 6EB9A5F72C62C2A700833624 /* ContentView.swift */; };
		6EB9A5FA2C62C2A800833624 /* Assets.xcassets in Resources */ = {isa = PBXBuildFile; fileRef = 6EB9A5F92C62C2A800833624 /* Assets.xcassets */; };
		6EB9A5FD2C62C2A800833624 /* Preview Assets.xcassets in Resources */ = {isa = PBXBuildFile; fileRef = 6EB9A5FC2C62C2A800833624 /* Preview Assets.xcassets */; };
		6EB9A6072C62C2A800833624 /* EventsTests.swift in Sources */ = {isa = PBXBuildFile; fileRef = 6EB9A6062C62C2A800833624 /* EventsTests.swift */; };
		6EB9A6112C62C2A800833624 /* EventsUITests.swift in Sources */ = {isa = PBXBuildFile; fileRef = 6EB9A6102C62C2A800833624 /* EventsUITests.swift */; };
		6EB9A6132C62C2A800833624 /* EventsUITestsLaunchTests.swift in Sources */ = {isa = PBXBuildFile; fileRef = 6EB9A6122C62C2A800833624 /* EventsUITestsLaunchTests.swift */; };
		6ED9723F2C691CCB004F90B6 /* SplashScreen.swift in Sources */ = {isa = PBXBuildFile; fileRef = 6ED9723E2C691CCB004F90B6 /* SplashScreen.swift */; };
		6ED972412C6A4C63004F90B6 /* EventParser.swift in Sources */ = {isa = PBXBuildFile; fileRef = 6ED972402C6A4C63004F90B6 /* EventParser.swift */; };
		6EFD03812C6EAD0E00821DBF /* EventDownloader.swift in Sources */ = {isa = PBXBuildFile; fileRef = 6EFD03802C6EAD0E00821DBF /* EventDownloader.swift */; };
		B5D3D8AD2EEFB42C9DC57480 /* Pods_Events_EventsUITests.framework in Frameworks */ = {isa = PBXBuildFile; fileRef = 1A03B475D6A45D876E28BD07 /* Pods_Events_EventsUITests.framework */; };
/* End PBXBuildFile section */

/* Begin PBXContainerItemProxy section */
		6EB9A6032C62C2A800833624 /* PBXContainerItemProxy */ = {
			isa = PBXContainerItemProxy;
			containerPortal = 6EB9A5EA2C62C2A700833624 /* Project object */;
			proxyType = 1;
			remoteGlobalIDString = 6EB9A5F12C62C2A700833624;
			remoteInfo = Events;
		};
		6EB9A60D2C62C2A800833624 /* PBXContainerItemProxy */ = {
			isa = PBXContainerItemProxy;
			containerPortal = 6EB9A5EA2C62C2A700833624 /* Project object */;
			proxyType = 1;
			remoteGlobalIDString = 6EB9A5F12C62C2A700833624;
			remoteInfo = Events;
		};
/* End PBXContainerItemProxy section */

/* Begin PBXFileReference section */
		10BF7D80A7A8059FDA768366 /* Pods-Events.release.xcconfig */ = {isa = PBXFileReference; includeInIndex = 1; lastKnownFileType = text.xcconfig; name = "Pods-Events.release.xcconfig"; path = "Target Support Files/Pods-Events/Pods-Events.release.xcconfig"; sourceTree = "<group>"; };
		1A03B475D6A45D876E28BD07 /* Pods_Events_EventsUITests.framework */ = {isa = PBXFileReference; explicitFileType = wrapper.framework; includeInIndex = 0; path = Pods_Events_EventsUITests.framework; sourceTree = BUILT_PRODUCTS_DIR; };
		22FA44275CBF90C1B52C9E10 /* Pods_EventsTests.framework */ = {isa = PBXFileReference; explicitFileType = wrapper.framework; includeInIndex = 0; path = Pods_EventsTests.framework; sourceTree = BUILT_PRODUCTS_DIR; };
		6E1D7B482C63BD2D007F3D07 /* Info.plist */ = {isa = PBXFileReference; lastKnownFileType = text.plist; path = Info.plist; sourceTree = "<group>"; };
		6E50A1DC2C6D50C7005E6316 /* events.xlsx */ = {isa = PBXFileReference; lastKnownFileType = file; name = events.xlsx; path = Model/events.xlsx; sourceTree = SOURCE_ROOT; };
		6E65BF3B2C62CCA3001597DB /* Event.swift */ = {isa = PBXFileReference; lastKnownFileType = sourcecode.swift; path = Event.swift; sourceTree = "<group>"; };
		6E65BF3E2C62D064001597DB /* CardView.swift */ = {isa = PBXFileReference; lastKnownFileType = sourcecode.swift; path = CardView.swift; sourceTree = "<group>"; };
		6E65BF402C62D405001597DB /* DetailView.swift */ = {isa = PBXFileReference; lastKnownFileType = sourcecode.swift; path = DetailView.swift; sourceTree = "<group>"; };
		6E7E73432C65A9A10027BD16 /* PopupDialog.swift */ = {isa = PBXFileReference; lastKnownFileType = sourcecode.swift; path = PopupDialog.swift; sourceTree = "<group>"; };
		6EB9A5F22C62C2A700833624 /* Events.app */ = {isa = PBXFileReference; explicitFileType = wrapper.application; includeInIndex = 0; path = Events.app; sourceTree = BUILT_PRODUCTS_DIR; };
		6EB9A5F52C62C2A700833624 /* EventsApp.swift */ = {isa = PBXFileReference; lastKnownFileType = sourcecode.swift; path = EventsApp.swift; sourceTree = "<group>"; };
		6EB9A5F72C62C2A700833624 /* ContentView.swift */ = {isa = PBXFileReference; lastKnownFileType = sourcecode.swift; path = ContentView.swift; sourceTree = "<group>"; };
		6EB9A5F92C62C2A800833624 /* Assets.xcassets */ = {isa = PBXFileReference; lastKnownFileType = folder.assetcatalog; path = Assets.xcassets; sourceTree = "<group>"; };
		6EB9A5FC2C62C2A800833624 /* Preview Assets.xcassets */ = {isa = PBXFileReference; lastKnownFileType = folder.assetcatalog; path = "Preview Assets.xcassets"; sourceTree = "<group>"; };
		6EB9A6022C62C2A800833624 /* EventsTests.xctest */ = {isa = PBXFileReference; explicitFileType = wrapper.cfbundle; includeInIndex = 0; path = EventsTests.xctest; sourceTree = BUILT_PRODUCTS_DIR; };
		6EB9A6062C62C2A800833624 /* EventsTests.swift */ = {isa = PBXFileReference; lastKnownFileType = sourcecode.swift; path = EventsTests.swift; sourceTree = "<group>"; };
		6EB9A60C2C62C2A800833624 /* EventsUITests.xctest */ = {isa = PBXFileReference; explicitFileType = wrapper.cfbundle; includeInIndex = 0; path = EventsUITests.xctest; sourceTree = BUILT_PRODUCTS_DIR; };
		6EB9A6102C62C2A800833624 /* EventsUITests.swift */ = {isa = PBXFileReference; lastKnownFileType = sourcecode.swift; path = EventsUITests.swift; sourceTree = "<group>"; };
		6EB9A6122C62C2A800833624 /* EventsUITestsLaunchTests.swift */ = {isa = PBXFileReference; lastKnownFileType = sourcecode.swift; path = EventsUITestsLaunchTests.swift; sourceTree = "<group>"; };
		6ED9723E2C691CCB004F90B6 /* SplashScreen.swift */ = {isa = PBXFileReference; lastKnownFileType = sourcecode.swift; path = SplashScreen.swift; sourceTree = "<group>"; };
		6ED972402C6A4C63004F90B6 /* EventParser.swift */ = {isa = PBXFileReference; lastKnownFileType = sourcecode.swift; path = EventParser.swift; sourceTree = "<group>"; };
		6EFD03802C6EAD0E00821DBF /* EventDownloader.swift */ = {isa = PBXFileReference; lastKnownFileType = sourcecode.swift; path = EventDownloader.swift; sourceTree = "<group>"; };
		75EDFB7CE8D9FC0E5123F4DE /* Pods-Events-EventsUITests.debug.xcconfig */ = {isa = PBXFileReference; includeInIndex = 1; lastKnownFileType = text.xcconfig; name = "Pods-Events-EventsUITests.debug.xcconfig"; path = "Target Support Files/Pods-Events-EventsUITests/Pods-Events-EventsUITests.debug.xcconfig"; sourceTree = "<group>"; };
		7B11EA7AA9B5D3FF49162711 /* Pods-EventsTests.debug.xcconfig */ = {isa = PBXFileReference; includeInIndex = 1; lastKnownFileType = text.xcconfig; name = "Pods-EventsTests.debug.xcconfig"; path = "Target Support Files/Pods-EventsTests/Pods-EventsTests.debug.xcconfig"; sourceTree = "<group>"; };
		8E8CD666C91D0DF3314796C9 /* Pods-Events-EventsUITests.release.xcconfig */ = {isa = PBXFileReference; includeInIndex = 1; lastKnownFileType = text.xcconfig; name = "Pods-Events-EventsUITests.release.xcconfig"; path = "Target Support Files/Pods-Events-EventsUITests/Pods-Events-EventsUITests.release.xcconfig"; sourceTree = "<group>"; };
		930E1F59CD19FFFC40ACDADD /* Pods-Events.debug.xcconfig */ = {isa = PBXFileReference; includeInIndex = 1; lastKnownFileType = text.xcconfig; name = "Pods-Events.debug.xcconfig"; path = "Target Support Files/Pods-Events/Pods-Events.debug.xcconfig"; sourceTree = "<group>"; };
		D4A5597E001C74EFA5CDFEDB /* Pods-EventsTests.release.xcconfig */ = {isa = PBXFileReference; includeInIndex = 1; lastKnownFileType = text.xcconfig; name = "Pods-EventsTests.release.xcconfig"; path = "Target Support Files/Pods-EventsTests/Pods-EventsTests.release.xcconfig"; sourceTree = "<group>"; };
		ECBD36E0FF2A2242D4E9DDB2 /* Pods_Events.framework */ = {isa = PBXFileReference; explicitFileType = wrapper.framework; includeInIndex = 0; path = Pods_Events.framework; sourceTree = BUILT_PRODUCTS_DIR; };
/* End PBXFileReference section */

/* Begin PBXFrameworksBuildPhase section */
		6EB9A5EF2C62C2A700833624 /* Frameworks */ = {
			isa = PBXFrameworksBuildPhase;
			buildActionMask = 2147483647;
			files = (
				25250269640AB3A8F7B0DFD6 /* Pods_Events.framework in Frameworks */,
			);
			runOnlyForDeploymentPostprocessing = 0;
		};
		6EB9A5FF2C62C2A800833624 /* Frameworks */ = {
			isa = PBXFrameworksBuildPhase;
			buildActionMask = 2147483647;
			files = (
				390E624A2AFE8F6B2D947DCE /* Pods_EventsTests.framework in Frameworks */,
			);
			runOnlyForDeploymentPostprocessing = 0;
		};
		6EB9A6092C62C2A800833624 /* Frameworks */ = {
			isa = PBXFrameworksBuildPhase;
			buildActionMask = 2147483647;
			files = (
				B5D3D8AD2EEFB42C9DC57480 /* Pods_Events_EventsUITests.framework in Frameworks */,
			);
			runOnlyForDeploymentPostprocessing = 0;
		};
/* End PBXFrameworksBuildPhase section */

/* Begin PBXGroup section */
		2B81097ADBFF5996D91C5BD0 /* Pods */ = {
			isa = PBXGroup;
			children = (
				930E1F59CD19FFFC40ACDADD /* Pods-Events.debug.xcconfig */,
				10BF7D80A7A8059FDA768366 /* Pods-Events.release.xcconfig */,
				75EDFB7CE8D9FC0E5123F4DE /* Pods-Events-EventsUITests.debug.xcconfig */,
				8E8CD666C91D0DF3314796C9 /* Pods-Events-EventsUITests.release.xcconfig */,
				7B11EA7AA9B5D3FF49162711 /* Pods-EventsTests.debug.xcconfig */,
				D4A5597E001C74EFA5CDFEDB /* Pods-EventsTests.release.xcconfig */,
			);
			path = Pods;
			sourceTree = "<group>";
		};
		6E65BF3A2C62CC81001597DB /* Model */ = {
			isa = PBXGroup;
			children = (
				6E65BF3B2C62CCA3001597DB /* Event.swift */,
				6ED972402C6A4C63004F90B6 /* EventParser.swift */,
				6EFD03802C6EAD0E00821DBF /* EventDownloader.swift */,
			);
			path = Model;
			sourceTree = "<group>";
		};
		6E65BF3D2C62D03D001597DB /* Views */ = {
			isa = PBXGroup;
			children = (
				6E65BF3E2C62D064001597DB /* CardView.swift */,
				6E65BF402C62D405001597DB /* DetailView.swift */,
				6E7E73432C65A9A10027BD16 /* PopupDialog.swift */,
				6ED9723E2C691CCB004F90B6 /* SplashScreen.swift */,
			);
			path = Views;
			sourceTree = "<group>";
		};
		6EB9A5E92C62C2A700833624 = {
			isa = PBXGroup;
			children = (
				6E65BF3D2C62D03D001597DB /* Views */,
				6E65BF3A2C62CC81001597DB /* Model */,
				6EB9A5F42C62C2A700833624 /* Events */,
				6EB9A6052C62C2A800833624 /* EventsTests */,
				6EB9A60F2C62C2A800833624 /* EventsUITests */,
				6EB9A5F32C62C2A700833624 /* Products */,
				2B81097ADBFF5996D91C5BD0 /* Pods */,
				F36F39150DDCE2BDD225ED7D /* Frameworks */,
			);
			sourceTree = "<group>";
		};
		6EB9A5F32C62C2A700833624 /* Products */ = {
			isa = PBXGroup;
			children = (
				6EB9A5F22C62C2A700833624 /* Events.app */,
				6EB9A6022C62C2A800833624 /* EventsTests.xctest */,
				6EB9A60C2C62C2A800833624 /* EventsUITests.xctest */,
			);
			name = Products;
			sourceTree = "<group>";
		};
		6EB9A5F42C62C2A700833624 /* Events */ = {
			isa = PBXGroup;
			children = (
				6E50A1DC2C6D50C7005E6316 /* events.xlsx */,
				6E1D7B482C63BD2D007F3D07 /* Info.plist */,
				6EB9A5F52C62C2A700833624 /* EventsApp.swift */,
				6EB9A5F72C62C2A700833624 /* ContentView.swift */,
				6EB9A5F92C62C2A800833624 /* Assets.xcassets */,
				6EB9A5FB2C62C2A800833624 /* Preview Content */,
			);
			path = Events;
			sourceTree = "<group>";
		};
		6EB9A5FB2C62C2A800833624 /* Preview Content */ = {
			isa = PBXGroup;
			children = (
				6EB9A5FC2C62C2A800833624 /* Preview Assets.xcassets */,
			);
			path = "Preview Content";
			sourceTree = "<group>";
		};
		6EB9A6052C62C2A800833624 /* EventsTests */ = {
			isa = PBXGroup;
			children = (
				6EB9A6062C62C2A800833624 /* EventsTests.swift */,
			);
			path = EventsTests;
			sourceTree = "<group>";
		};
		6EB9A60F2C62C2A800833624 /* EventsUITests */ = {
			isa = PBXGroup;
			children = (
				6EB9A6102C62C2A800833624 /* EventsUITests.swift */,
				6EB9A6122C62C2A800833624 /* EventsUITestsLaunchTests.swift */,
			);
			path = EventsUITests;
			sourceTree = "<group>";
		};
		F36F39150DDCE2BDD225ED7D /* Frameworks */ = {
			isa = PBXGroup;
			children = (
				ECBD36E0FF2A2242D4E9DDB2 /* Pods_Events.framework */,
				1A03B475D6A45D876E28BD07 /* Pods_Events_EventsUITests.framework */,
				22FA44275CBF90C1B52C9E10 /* Pods_EventsTests.framework */,
			);
			name = Frameworks;
			sourceTree = "<group>";
		};
/* End PBXGroup section */

/* Begin PBXNativeTarget section */
		6EB9A5F12C62C2A700833624 /* Events */ = {
			isa = PBXNativeTarget;
			buildConfigurationList = 6EB9A6162C62C2A800833624 /* Build configuration list for PBXNativeTarget "Events" */;
			buildPhases = (
				4B5D39EE1CC4E9BBFA24EF16 /* [CP] Check Pods Manifest.lock */,
				6EB9A5EE2C62C2A700833624 /* Sources */,
				6EB9A5EF2C62C2A700833624 /* Frameworks */,
				6EB9A5F02C62C2A700833624 /* Resources */,
				0DCA4F6BEAC13DBB9843FE24 /* [CP] Embed Pods Frameworks */,
			);
			buildRules = (
			);
			dependencies = (
			);
			name = Events;
			productName = Events;
			productReference = 6EB9A5F22C62C2A700833624 /* Events.app */;
			productType = "com.apple.product-type.application";
		};
		6EB9A6012C62C2A800833624 /* EventsTests */ = {
			isa = PBXNativeTarget;
			buildConfigurationList = 6EB9A6192C62C2A800833624 /* Build configuration list for PBXNativeTarget "EventsTests" */;
			buildPhases = (
				C6C6E6BF392AAC258FCC6C53 /* [CP] Check Pods Manifest.lock */,
				6EB9A5FE2C62C2A800833624 /* Sources */,
				6EB9A5FF2C62C2A800833624 /* Frameworks */,
				6EB9A6002C62C2A800833624 /* Resources */,
			);
			buildRules = (
			);
			dependencies = (
				6EB9A6042C62C2A800833624 /* PBXTargetDependency */,
			);
			name = EventsTests;
			productName = EventsTests;
			productReference = 6EB9A6022C62C2A800833624 /* EventsTests.xctest */;
			productType = "com.apple.product-type.bundle.unit-test";
		};
		6EB9A60B2C62C2A800833624 /* EventsUITests */ = {
			isa = PBXNativeTarget;
			buildConfigurationList = 6EB9A61C2C62C2A800833624 /* Build configuration list for PBXNativeTarget "EventsUITests" */;
			buildPhases = (
				6496F6490EE0108B82B52BFF /* [CP] Check Pods Manifest.lock */,
				6EB9A6082C62C2A800833624 /* Sources */,
				6EB9A6092C62C2A800833624 /* Frameworks */,
				6EB9A60A2C62C2A800833624 /* Resources */,
				44828AE07441FEDFA757CE69 /* [CP] Embed Pods Frameworks */,
			);
			buildRules = (
			);
			dependencies = (
				6EB9A60E2C62C2A800833624 /* PBXTargetDependency */,
			);
			name = EventsUITests;
			productName = EventsUITests;
			productReference = 6EB9A60C2C62C2A800833624 /* EventsUITests.xctest */;
			productType = "com.apple.product-type.bundle.ui-testing";
		};
/* End PBXNativeTarget section */

/* Begin PBXProject section */
		6EB9A5EA2C62C2A700833624 /* Project object */ = {
			isa = PBXProject;
			attributes = {
				BuildIndependentTargetsInParallel = 1;
				LastSwiftUpdateCheck = 1540;
				LastUpgradeCheck = 1540;
				TargetAttributes = {
					6EB9A5F12C62C2A700833624 = {
						CreatedOnToolsVersion = 15.4;
					};
					6EB9A6012C62C2A800833624 = {
						CreatedOnToolsVersion = 15.4;
						TestTargetID = 6EB9A5F12C62C2A700833624;
					};
					6EB9A60B2C62C2A800833624 = {
						CreatedOnToolsVersion = 15.4;
						TestTargetID = 6EB9A5F12C62C2A700833624;
					};
				};
			};
			buildConfigurationList = 6EB9A5ED2C62C2A700833624 /* Build configuration list for PBXProject "Events" */;
			compatibilityVersion = "Xcode 14.0";
			developmentRegion = en;
			hasScannedForEncodings = 0;
			knownRegions = (
				en,
				Base,
			);
			mainGroup = 6EB9A5E92C62C2A700833624;
			productRefGroup = 6EB9A5F32C62C2A700833624 /* Products */;
			projectDirPath = "";
			projectRoot = "";
			targets = (
				6EB9A5F12C62C2A700833624 /* Events */,
				6EB9A6012C62C2A800833624 /* EventsTests */,
				6EB9A60B2C62C2A800833624 /* EventsUITests */,
			);
		};
/* End PBXProject section */

/* Begin PBXResourcesBuildPhase section */
		6EB9A5F02C62C2A700833624 /* Resources */ = {
			isa = PBXResourcesBuildPhase;
			buildActionMask = 2147483647;
			files = (
				6EB9A5FD2C62C2A800833624 /* Preview Assets.xcassets in Resources */,
				6EB9A5FA2C62C2A800833624 /* Assets.xcassets in Resources */,
				6E50A1DD2C6D53E1005E6316 /* events.xlsx in Resources */,
			);
			runOnlyForDeploymentPostprocessing = 0;
		};
		6EB9A6002C62C2A800833624 /* Resources */ = {
			isa = PBXResourcesBuildPhase;
			buildActionMask = 2147483647;
			files = (
			);
			runOnlyForDeploymentPostprocessing = 0;
		};
		6EB9A60A2C62C2A800833624 /* Resources */ = {
			isa = PBXResourcesBuildPhase;
			buildActionMask = 2147483647;
			files = (
			);
			runOnlyForDeploymentPostprocessing = 0;
		};
/* End PBXResourcesBuildPhase section */

/* Begin PBXShellScriptBuildPhase section */
		0DCA4F6BEAC13DBB9843FE24 /* [CP] Embed Pods Frameworks */ = {
			isa = PBXShellScriptBuildPhase;
			buildActionMask = 2147483647;
			files = (
			);
			inputFileListPaths = (
				"${PODS_ROOT}/Target Support Files/Pods-Events/Pods-Events-frameworks-${CONFIGURATION}-input-files.xcfilelist",
			);
			name = "[CP] Embed Pods Frameworks";
			outputFileListPaths = (
				"${PODS_ROOT}/Target Support Files/Pods-Events/Pods-Events-frameworks-${CONFIGURATION}-output-files.xcfilelist",
			);
			runOnlyForDeploymentPostprocessing = 0;
			shellPath = /bin/sh;
			shellScript = "\"${PODS_ROOT}/Target Support Files/Pods-Events/Pods-Events-frameworks.sh\"\n";
			showEnvVarsInLog = 0;
		};
		44828AE07441FEDFA757CE69 /* [CP] Embed Pods Frameworks */ = {
			isa = PBXShellScriptBuildPhase;
			buildActionMask = 2147483647;
			files = (
			);
			inputFileListPaths = (
				"${PODS_ROOT}/Target Support Files/Pods-Events-EventsUITests/Pods-Events-EventsUITests-frameworks-${CONFIGURATION}-input-files.xcfilelist",
			);
			name = "[CP] Embed Pods Frameworks";
			outputFileListPaths = (
				"${PODS_ROOT}/Target Support Files/Pods-Events-EventsUITests/Pods-Events-EventsUITests-frameworks-${CONFIGURATION}-output-files.xcfilelist",
			);
			runOnlyForDeploymentPostprocessing = 0;
			shellPath = /bin/sh;
			shellScript = "\"${PODS_ROOT}/Target Support Files/Pods-Events-EventsUITests/Pods-Events-EventsUITests-frameworks.sh\"\n";
			showEnvVarsInLog = 0;
		};
		4B5D39EE1CC4E9BBFA24EF16 /* [CP] Check Pods Manifest.lock */ = {
			isa = PBXShellScriptBuildPhase;
			buildActionMask = 2147483647;
			files = (
			);
			inputFileListPaths = (
			);
			inputPaths = (
				"${PODS_PODFILE_DIR_PATH}/Podfile.lock",
				"${PODS_ROOT}/Manifest.lock",
			);
			name = "[CP] Check Pods Manifest.lock";
			outputFileListPaths = (
			);
			outputPaths = (
				"$(DERIVED_FILE_DIR)/Pods-Events-checkManifestLockResult.txt",
			);
			runOnlyForDeploymentPostprocessing = 0;
			shellPath = /bin/sh;
			shellScript = "diff \"${PODS_PODFILE_DIR_PATH}/Podfile.lock\" \"${PODS_ROOT}/Manifest.lock\" > /dev/null\nif [ $? != 0 ] ; then\n    # print error to STDERR\n    echo \"error: The sandbox is not in sync with the Podfile.lock. Run 'pod install' or update your CocoaPods installation.\" >&2\n    exit 1\nfi\n# This output is used by Xcode 'outputs' to avoid re-running this script phase.\necho \"SUCCESS\" > \"${SCRIPT_OUTPUT_FILE_0}\"\n";
			showEnvVarsInLog = 0;
		};
		6496F6490EE0108B82B52BFF /* [CP] Check Pods Manifest.lock */ = {
			isa = PBXShellScriptBuildPhase;
			buildActionMask = 2147483647;
			files = (
			);
			inputFileListPaths = (
			);
			inputPaths = (
				"${PODS_PODFILE_DIR_PATH}/Podfile.lock",
				"${PODS_ROOT}/Manifest.lock",
			);
			name = "[CP] Check Pods Manifest.lock";
			outputFileListPaths = (
			);
			outputPaths = (
				"$(DERIVED_FILE_DIR)/Pods-Events-EventsUITests-checkManifestLockResult.txt",
			);
			runOnlyForDeploymentPostprocessing = 0;
			shellPath = /bin/sh;
			shellScript = "diff \"${PODS_PODFILE_DIR_PATH}/Podfile.lock\" \"${PODS_ROOT}/Manifest.lock\" > /dev/null\nif [ $? != 0 ] ; then\n    # print error to STDERR\n    echo \"error: The sandbox is not in sync with the Podfile.lock. Run 'pod install' or update your CocoaPods installation.\" >&2\n    exit 1\nfi\n# This output is used by Xcode 'outputs' to avoid re-running this script phase.\necho \"SUCCESS\" > \"${SCRIPT_OUTPUT_FILE_0}\"\n";
			showEnvVarsInLog = 0;
		};
		C6C6E6BF392AAC258FCC6C53 /* [CP] Check Pods Manifest.lock */ = {
			isa = PBXShellScriptBuildPhase;
			buildActionMask = 2147483647;
			files = (
			);
			inputFileListPaths = (
			);
			inputPaths = (
				"${PODS_PODFILE_DIR_PATH}/Podfile.lock",
				"${PODS_ROOT}/Manifest.lock",
			);
			name = "[CP] Check Pods Manifest.lock";
			outputFileListPaths = (
			);
			outputPaths = (
				"$(DERIVED_FILE_DIR)/Pods-EventsTests-checkManifestLockResult.txt",
			);
			runOnlyForDeploymentPostprocessing = 0;
			shellPath = /bin/sh;
			shellScript = "diff \"${PODS_PODFILE_DIR_PATH}/Podfile.lock\" \"${PODS_ROOT}/Manifest.lock\" > /dev/null\nif [ $? != 0 ] ; then\n    # print error to STDERR\n    echo \"error: The sandbox is not in sync with the Podfile.lock. Run 'pod install' or update your CocoaPods installation.\" >&2\n    exit 1\nfi\n# This output is used by Xcode 'outputs' to avoid re-running this script phase.\necho \"SUCCESS\" > \"${SCRIPT_OUTPUT_FILE_0}\"\n";
			showEnvVarsInLog = 0;
		};
/* End PBXShellScriptBuildPhase section */

/* Begin PBXSourcesBuildPhase section */
		6EB9A5EE2C62C2A700833624 /* Sources */ = {
			isa = PBXSourcesBuildPhase;
			buildActionMask = 2147483647;
			files = (
				6EB9A5F82C62C2A700833624 /* ContentView.swift in Sources */,
				6E65BF3C2C62CCA3001597DB /* Event.swift in Sources */,
				6ED9723F2C691CCB004F90B6 /* SplashScreen.swift in Sources */,
				6ED972412C6A4C63004F90B6 /* EventParser.swift in Sources */,
				6EFD03812C6EAD0E00821DBF /* EventDownloader.swift in Sources */,
				6E65BF3F2C62D064001597DB /* CardView.swift in Sources */,
				6E65BF412C62D405001597DB /* DetailView.swift in Sources */,
				6E7E73442C65A9A10027BD16 /* PopupDialog.swift in Sources */,
				6EB9A5F62C62C2A700833624 /* EventsApp.swift in Sources */,
			);
			runOnlyForDeploymentPostprocessing = 0;
		};
		6EB9A5FE2C62C2A800833624 /* Sources */ = {
			isa = PBXSourcesBuildPhase;
			buildActionMask = 2147483647;
			files = (
				6EB9A6072C62C2A800833624 /* EventsTests.swift in Sources */,
			);
			runOnlyForDeploymentPostprocessing = 0;
		};
		6EB9A6082C62C2A800833624 /* Sources */ = {
			isa = PBXSourcesBuildPhase;
			buildActionMask = 2147483647;
			files = (
				6EB9A6112C62C2A800833624 /* EventsUITests.swift in Sources */,
				6EB9A6132C62C2A800833624 /* EventsUITestsLaunchTests.swift in Sources */,
			);
			runOnlyForDeploymentPostprocessing = 0;
		};
/* End PBXSourcesBuildPhase section */

/* Begin PBXTargetDependency section */
		6EB9A6042C62C2A800833624 /* PBXTargetDependency */ = {
			isa = PBXTargetDependency;
			target = 6EB9A5F12C62C2A700833624 /* Events */;
			targetProxy = 6EB9A6032C62C2A800833624 /* PBXContainerItemProxy */;
		};
		6EB9A60E2C62C2A800833624 /* PBXTargetDependency */ = {
			isa = PBXTargetDependency;
			target = 6EB9A5F12C62C2A700833624 /* Events */;
			targetProxy = 6EB9A60D2C62C2A800833624 /* PBXContainerItemProxy */;
		};
/* End PBXTargetDependency section */

/* Begin XCBuildConfiguration section */
		6EB9A6142C62C2A800833624 /* Debug */ = {
			isa = XCBuildConfiguration;
			buildSettings = {
				ALWAYS_SEARCH_USER_PATHS = NO;
				ASSETCATALOG_COMPILER_GENERATE_SWIFT_ASSET_SYMBOL_EXTENSIONS = YES;
				CLANG_ANALYZER_NONNULL = YES;
				CLANG_ANALYZER_NUMBER_OBJECT_CONVERSION = YES_AGGRESSIVE;
				CLANG_CXX_LANGUAGE_STANDARD = "gnu++20";
				CLANG_ENABLE_MODULES = YES;
				CLANG_ENABLE_OBJC_ARC = YES;
				CLANG_ENABLE_OBJC_WEAK = YES;
				CLANG_WARN_BLOCK_CAPTURE_AUTORELEASING = YES;
				CLANG_WARN_BOOL_CONVERSION = YES;
				CLANG_WARN_COMMA = YES;
				CLANG_WARN_CONSTANT_CONVERSION = YES;
				CLANG_WARN_DEPRECATED_OBJC_IMPLEMENTATIONS = YES;
				CLANG_WARN_DIRECT_OBJC_ISA_USAGE = YES_ERROR;
				CLANG_WARN_DOCUMENTATION_COMMENTS = YES;
				CLANG_WARN_EMPTY_BODY = YES;
				CLANG_WARN_ENUM_CONVERSION = YES;
				CLANG_WARN_INFINITE_RECURSION = YES;
				CLANG_WARN_INT_CONVERSION = YES;
				CLANG_WARN_NON_LITERAL_NULL_CONVERSION = YES;
				CLANG_WARN_OBJC_IMPLICIT_RETAIN_SELF = YES;
				CLANG_WARN_OBJC_LITERAL_CONVERSION = YES;
				CLANG_WARN_OBJC_ROOT_CLASS = YES_ERROR;
				CLANG_WARN_QUOTED_INCLUDE_IN_FRAMEWORK_HEADER = YES;
				CLANG_WARN_RANGE_LOOP_ANALYSIS = YES;
				CLANG_WARN_STRICT_PROTOTYPES = YES;
				CLANG_WARN_SUSPICIOUS_MOVE = YES;
				CLANG_WARN_UNGUARDED_AVAILABILITY = YES_AGGRESSIVE;
				CLANG_WARN_UNREACHABLE_CODE = YES;
				CLANG_WARN__DUPLICATE_METHOD_MATCH = YES;
				COPY_PHASE_STRIP = NO;
				DEBUG_INFORMATION_FORMAT = dwarf;
				ENABLE_STRICT_OBJC_MSGSEND = YES;
				ENABLE_TESTABILITY = YES;
				ENABLE_USER_SCRIPT_SANDBOXING = NO;
				GCC_C_LANGUAGE_STANDARD = gnu17;
				GCC_DYNAMIC_NO_PIC = NO;
				GCC_NO_COMMON_BLOCKS = YES;
				GCC_OPTIMIZATION_LEVEL = 0;
				GCC_PREPROCESSOR_DEFINITIONS = (
					"DEBUG=1",
					"$(inherited)",
				);
				GCC_WARN_64_TO_32_BIT_CONVERSION = YES;
				GCC_WARN_ABOUT_RETURN_TYPE = YES_ERROR;
				GCC_WARN_UNDECLARED_SELECTOR = YES;
				GCC_WARN_UNINITIALIZED_AUTOS = YES_AGGRESSIVE;
				GCC_WARN_UNUSED_FUNCTION = YES;
				GCC_WARN_UNUSED_VARIABLE = YES;
				IPHONEOS_DEPLOYMENT_TARGET = 17.0;
				LOCALIZATION_PREFERS_STRING_CATALOGS = YES;
				MTL_ENABLE_DEBUG_INFO = INCLUDE_SOURCE;
				MTL_FAST_MATH = YES;
				ONLY_ACTIVE_ARCH = YES;
				SDKROOT = iphoneos;
				SWIFT_ACTIVE_COMPILATION_CONDITIONS = "DEBUG $(inherited)";
				SWIFT_OPTIMIZATION_LEVEL = "-Onone";
			};
			name = Debug;
		};
		6EB9A6152C62C2A800833624 /* Release */ = {
			isa = XCBuildConfiguration;
			buildSettings = {
				ALWAYS_SEARCH_USER_PATHS = NO;
				ASSETCATALOG_COMPILER_GENERATE_SWIFT_ASSET_SYMBOL_EXTENSIONS = YES;
				CLANG_ANALYZER_NONNULL = YES;
				CLANG_ANALYZER_NUMBER_OBJECT_CONVERSION = YES_AGGRESSIVE;
				CLANG_CXX_LANGUAGE_STANDARD = "gnu++20";
				CLANG_ENABLE_MODULES = YES;
				CLANG_ENABLE_OBJC_ARC = YES;
				CLANG_ENABLE_OBJC_WEAK = YES;
				CLANG_WARN_BLOCK_CAPTURE_AUTORELEASING = YES;
				CLANG_WARN_BOOL_CONVERSION = YES;
				CLANG_WARN_COMMA = YES;
				CLANG_WARN_CONSTANT_CONVERSION = YES;
				CLANG_WARN_DEPRECATED_OBJC_IMPLEMENTATIONS = YES;
				CLANG_WARN_DIRECT_OBJC_ISA_USAGE = YES_ERROR;
				CLANG_WARN_DOCUMENTATION_COMMENTS = YES;
				CLANG_WARN_EMPTY_BODY = YES;
				CLANG_WARN_ENUM_CONVERSION = YES;
				CLANG_WARN_INFINITE_RECURSION = YES;
				CLANG_WARN_INT_CONVERSION = YES;
				CLANG_WARN_NON_LITERAL_NULL_CONVERSION = YES;
				CLANG_WARN_OBJC_IMPLICIT_RETAIN_SELF = YES;
				CLANG_WARN_OBJC_LITERAL_CONVERSION = YES;
				CLANG_WARN_OBJC_ROOT_CLASS = YES_ERROR;
				CLANG_WARN_QUOTED_INCLUDE_IN_FRAMEWORK_HEADER = YES;
				CLANG_WARN_RANGE_LOOP_ANALYSIS = YES;
				CLANG_WARN_STRICT_PROTOTYPES = YES;
				CLANG_WARN_SUSPICIOUS_MOVE = YES;
				CLANG_WARN_UNGUARDED_AVAILABILITY = YES_AGGRESSIVE;
				CLANG_WARN_UNREACHABLE_CODE = YES;
				CLANG_WARN__DUPLICATE_METHOD_MATCH = YES;
				COPY_PHASE_STRIP = NO;
				DEBUG_INFORMATION_FORMAT = "dwarf-with-dsym";
				ENABLE_NS_ASSERTIONS = NO;
				ENABLE_STRICT_OBJC_MSGSEND = YES;
				ENABLE_USER_SCRIPT_SANDBOXING = NO;
				GCC_C_LANGUAGE_STANDARD = gnu17;
				GCC_NO_COMMON_BLOCKS = YES;
				GCC_WARN_64_TO_32_BIT_CONVERSION = YES;
				GCC_WARN_ABOUT_RETURN_TYPE = YES_ERROR;
				GCC_WARN_UNDECLARED_SELECTOR = YES;
				GCC_WARN_UNINITIALIZED_AUTOS = YES_AGGRESSIVE;
				GCC_WARN_UNUSED_FUNCTION = YES;
				GCC_WARN_UNUSED_VARIABLE = YES;
				IPHONEOS_DEPLOYMENT_TARGET = 17.0;
				LOCALIZATION_PREFERS_STRING_CATALOGS = YES;
				MTL_ENABLE_DEBUG_INFO = NO;
				MTL_FAST_MATH = YES;
				SDKROOT = iphoneos;
				SWIFT_COMPILATION_MODE = wholemodule;
				VALIDATE_PRODUCT = YES;
			};
			name = Release;
		};
		6EB9A6172C62C2A800833624 /* Debug */ = {
			isa = XCBuildConfiguration;
			baseConfigurationReference = 930E1F59CD19FFFC40ACDADD /* Pods-Events.debug.xcconfig */;
			buildSettings = {
				ASSETCATALOG_COMPILER_APPICON_NAME = AppIcon;
				ASSETCATALOG_COMPILER_GLOBAL_ACCENT_COLOR_NAME = AccentColor;
				CODE_SIGN_STYLE = Automatic;
				CURRENT_PROJECT_VERSION = 1;
				DEVELOPMENT_ASSET_PATHS = "\"Events/Preview Content\"";
				DEVELOPMENT_TEAM = 737TZW96VN;
				ENABLE_PREVIEWS = YES;
				GENERATE_INFOPLIST_FILE = YES;
				INFOPLIST_FILE = Events/Info.plist;
				INFOPLIST_KEY_UIApplicationSceneManifest_Generation = YES;
				INFOPLIST_KEY_UIApplicationSupportsIndirectInputEvents = YES;
				INFOPLIST_KEY_UILaunchScreen_Generation = YES;
				INFOPLIST_KEY_UISupportedInterfaceOrientations_iPad = "UIInterfaceOrientationPortrait UIInterfaceOrientationPortraitUpsideDown UIInterfaceOrientationLandscapeLeft UIInterfaceOrientationLandscapeRight";
				INFOPLIST_KEY_UISupportedInterfaceOrientations_iPhone = "UIInterfaceOrientationPortrait UIInterfaceOrientationLandscapeLeft UIInterfaceOrientationLandscapeRight";
				LD_RUNPATH_SEARCH_PATHS = (
					"$(inherited)",
					"@executable_path/Frameworks",
				);
				MARKETING_VERSION = 1.0;
				PRODUCT_BUNDLE_IDENTIFIER = com.tudorfpopa.Events;
				PRODUCT_NAME = "$(TARGET_NAME)";
				SWIFT_EMIT_LOC_STRINGS = YES;
				SWIFT_VERSION = 5.0;
				TARGETED_DEVICE_FAMILY = "1,2";
			};
			name = Debug;
		};
		6EB9A6182C62C2A800833624 /* Release */ = {
			isa = XCBuildConfiguration;
			baseConfigurationReference = 10BF7D80A7A8059FDA768366 /* Pods-Events.release.xcconfig */;
			buildSettings = {
				ASSETCATALOG_COMPILER_APPICON_NAME = AppIcon;
				ASSETCATALOG_COMPILER_GLOBAL_ACCENT_COLOR_NAME = AccentColor;
				CODE_SIGN_STYLE = Automatic;
				CURRENT_PROJECT_VERSION = 1;
				DEVELOPMENT_ASSET_PATHS = "\"Events/Preview Content\"";
				DEVELOPMENT_TEAM = 737TZW96VN;
				ENABLE_PREVIEWS = YES;
				GENERATE_INFOPLIST_FILE = YES;
				INFOPLIST_FILE = Events/Info.plist;
				INFOPLIST_KEY_UIApplicationSceneManifest_Generation = YES;
				INFOPLIST_KEY_UIApplicationSupportsIndirectInputEvents = YES;
				INFOPLIST_KEY_UILaunchScreen_Generation = YES;
				INFOPLIST_KEY_UISupportedInterfaceOrientations_iPad = "UIInterfaceOrientationPortrait UIInterfaceOrientationPortraitUpsideDown UIInterfaceOrientationLandscapeLeft UIInterfaceOrientationLandscapeRight";
				INFOPLIST_KEY_UISupportedInterfaceOrientations_iPhone = "UIInterfaceOrientationPortrait UIInterfaceOrientationLandscapeLeft UIInterfaceOrientationLandscapeRight";
				LD_RUNPATH_SEARCH_PATHS = (
					"$(inherited)",
					"@executable_path/Frameworks",
				);
				MARKETING_VERSION = 1.0;
				PRODUCT_BUNDLE_IDENTIFIER = com.tudorfpopa.Events;
				PRODUCT_NAME = "$(TARGET_NAME)";
				SWIFT_EMIT_LOC_STRINGS = YES;
				SWIFT_VERSION = 5.0;
				TARGETED_DEVICE_FAMILY = "1,2";
			};
			name = Release;
		};
		6EB9A61A2C62C2A800833624 /* Debug */ = {
			isa = XCBuildConfiguration;
			baseConfigurationReference = 7B11EA7AA9B5D3FF49162711 /* Pods-EventsTests.debug.xcconfig */;
			buildSettings = {
				ALWAYS_EMBED_SWIFT_STANDARD_LIBRARIES = YES;
				BUNDLE_LOADER = "$(TEST_HOST)";
				CODE_SIGN_STYLE = Automatic;
				CURRENT_PROJECT_VERSION = 1;
				DEVELOPMENT_TEAM = 737TZW96VN;
				GENERATE_INFOPLIST_FILE = YES;
				IPHONEOS_DEPLOYMENT_TARGET = 17.5;
				MARKETING_VERSION = 1.0;
				PRODUCT_BUNDLE_IDENTIFIER = com.tudorfpopa.EventsTests;
				PRODUCT_NAME = "$(TARGET_NAME)";
				SWIFT_EMIT_LOC_STRINGS = NO;
				SWIFT_VERSION = 5.0;
				TARGETED_DEVICE_FAMILY = "1,2";
				TEST_HOST = "$(BUILT_PRODUCTS_DIR)/Events.app/$(BUNDLE_EXECUTABLE_FOLDER_PATH)/Events";
			};
			name = Debug;
		};
		6EB9A61B2C62C2A800833624 /* Release */ = {
			isa = XCBuildConfiguration;
			baseConfigurationReference = D4A5597E001C74EFA5CDFEDB /* Pods-EventsTests.release.xcconfig */;
			buildSettings = {
				ALWAYS_EMBED_SWIFT_STANDARD_LIBRARIES = YES;
				BUNDLE_LOADER = "$(TEST_HOST)";
				CODE_SIGN_STYLE = Automatic;
				CURRENT_PROJECT_VERSION = 1;
				DEVELOPMENT_TEAM = 737TZW96VN;
				GENERATE_INFOPLIST_FILE = YES;
				IPHONEOS_DEPLOYMENT_TARGET = 17.5;
				MARKETING_VERSION = 1.0;
				PRODUCT_BUNDLE_IDENTIFIER = com.tudorfpopa.EventsTests;
				PRODUCT_NAME = "$(TARGET_NAME)";
				SWIFT_EMIT_LOC_STRINGS = NO;
				SWIFT_VERSION = 5.0;
				TARGETED_DEVICE_FAMILY = "1,2";
				TEST_HOST = "$(BUILT_PRODUCTS_DIR)/Events.app/$(BUNDLE_EXECUTABLE_FOLDER_PATH)/Events";
			};
			name = Release;
		};
		6EB9A61D2C62C2A800833624 /* Debug */ = {
			isa = XCBuildConfiguration;
			baseConfigurationReference = 75EDFB7CE8D9FC0E5123F4DE /* Pods-Events-EventsUITests.debug.xcconfig */;
			buildSettings = {
				ALWAYS_EMBED_SWIFT_STANDARD_LIBRARIES = YES;
				CODE_SIGN_STYLE = Automatic;
				CURRENT_PROJECT_VERSION = 1;
				DEVELOPMENT_TEAM = 737TZW96VN;
				GENERATE_INFOPLIST_FILE = YES;
				MARKETING_VERSION = 1.0;
				PRODUCT_BUNDLE_IDENTIFIER = com.tudorfpopa.EventsUITests;
				PRODUCT_NAME = "$(TARGET_NAME)";
				SWIFT_EMIT_LOC_STRINGS = NO;
				SWIFT_VERSION = 5.0;
				TARGETED_DEVICE_FAMILY = "1,2";
				TEST_TARGET_NAME = Events;
			};
			name = Debug;
		};
		6EB9A61E2C62C2A800833624 /* Release */ = {
			isa = XCBuildConfiguration;
			baseConfigurationReference = 8E8CD666C91D0DF3314796C9 /* Pods-Events-EventsUITests.release.xcconfig */;
			buildSettings = {
				ALWAYS_EMBED_SWIFT_STANDARD_LIBRARIES = YES;
				CODE_SIGN_STYLE = Automatic;
				CURRENT_PROJECT_VERSION = 1;
				DEVELOPMENT_TEAM = 737TZW96VN;
				GENERATE_INFOPLIST_FILE = YES;
				MARKETING_VERSION = 1.0;
				PRODUCT_BUNDLE_IDENTIFIER = com.tudorfpopa.EventsUITests;
				PRODUCT_NAME = "$(TARGET_NAME)";
				SWIFT_EMIT_LOC_STRINGS = NO;
				SWIFT_VERSION = 5.0;
				TARGETED_DEVICE_FAMILY = "1,2";
				TEST_TARGET_NAME = Events;
			};
			name = Release;
		};
/* End XCBuildConfiguration section */

/* Begin XCConfigurationList section */
		6EB9A5ED2C62C2A700833624 /* Build configuration list for PBXProject "Events" */ = {
			isa = XCConfigurationList;
			buildConfigurations = (
				6EB9A6142C62C2A800833624 /* Debug */,
				6EB9A6152C62C2A800833624 /* Release */,
			);
			defaultConfigurationIsVisible = 0;
			defaultConfigurationName = Release;
		};
		6EB9A6162C62C2A800833624 /* Build configuration list for PBXNativeTarget "Events" */ = {
			isa = XCConfigurationList;
			buildConfigurations = (
				6EB9A6172C62C2A800833624 /* Debug */,
				6EB9A6182C62C2A800833624 /* Release */,
			);
			defaultConfigurationIsVisible = 0;
			defaultConfigurationName = Release;
		};
		6EB9A6192C62C2A800833624 /* Build configuration list for PBXNativeTarget "EventsTests" */ = {
			isa = XCConfigurationList;
			buildConfigurations = (
				6EB9A61A2C62C2A800833624 /* Debug */,
				6EB9A61B2C62C2A800833624 /* Release */,
			);
			defaultConfigurationIsVisible = 0;
			defaultConfigurationName = Release;
		};
		6EB9A61C2C62C2A800833624 /* Build configuration list for PBXNativeTarget "EventsUITests" */ = {
			isa = XCConfigurationList;
			buildConfigurations = (
				6EB9A61D2C62C2A800833624 /* Debug */,
				6EB9A61E2C62C2A800833624 /* Release */,
			);
			defaultConfigurationIsVisible = 0;
			defaultConfigurationName = Release;
		};
/* End XCConfigurationList section */
	};
	rootObject = 6EB9A5EA2C62C2A700833624 /* Project object */;
}
